
Microsoft Visual Studio Solution File, Format Version 12.00
# Visual Studio Version 17
VisualStudioVersion = 17.3.32811.315
MinimumVisualStudioVersion = 10.0.40219.1
Project("{9A19103F-16F7-4668-BE54-9A1E7A4F7556}") = "Users", "Users\Users.csproj", "{3715365B-AEC6-4ED8-A0A9-33C79E37CA56}"
EndProject
Project("{FAE04EC0-301F-11D3-BF4B-00C04F79EFBC}") = "LoginService", "LoginService\LoginService.csproj", "{FE6F2F24-2E78-462C-8650-4ADD8A5BEAC1}"
EndProject
Global
	GlobalSection(SolutionConfigurationPlatforms) = preSolution
		Debug|Any CPU = Debug|Any CPU
		Release|Any CPU = Release|Any CPU
	EndGlobalSection
	GlobalSection(ProjectConfigurationPlatforms) = postSolution
		{3715365B-AEC6-4ED8-A0A9-33C79E37CA56}.Debug|Any CPU.ActiveCfg = Debug|Any CPU
		{3715365B-AEC6-4ED8-A0A9-33C79E37CA56}.Debug|Any CPU.Build.0 = Debug|Any CPU
		{3715365B-AEC6-4ED8-A0A9-33C79E37CA56}.Release|Any CPU.ActiveCfg = Release|Any CPU
		{3715365B-AEC6-4ED8-A0A9-33C79E37CA56}.Release|Any CPU.Build.0 = Release|Any CPU
		{FE6F2F24-2E78-462C-8650-4ADD8A5BEAC1}.Debug|Any CPU.ActiveCfg = Debug|Any CPU
		{FE6F2F24-2E78-462C-8650-4ADD8A5BEAC1}.Debug|Any CPU.Build.0 = Debug|Any CPU
		{FE6F2F24-2E78-462C-8650-4ADD8A5BEAC1}.Release|Any CPU.ActiveCfg = Release|Any CPU
		{FE6F2F24-2E78-462C-8650-4ADD8A5BEAC1}.Release|Any CPU.Build.0 = Release|Any CPU
	EndGlobalSection
	GlobalSection(SolutionProperties) = preSolution
		HideSolutionNode = FALSE
	EndGlobalSection
	GlobalSection(ExtensibilityGlobals) = postSolution
		SolutionGuid = {DC97649D-1071-4519-B0F9-7AC2366FA628}
	EndGlobalSection
EndGlobal
